
Microsoft Visual Studio Solution File, Format Version 12.00
# Visual Studio Version 16
VisualStudioVersion = 16.0.34114.132
MinimumVisualStudioVersion = 10.0.40219.1
Project("{FAE04EC0-301F-11D3-BF4B-00C04F79EFBC}") = "ConsoleApp1", "ConsoleApp1.csproj", "{70980A1F-4882-436F-83D6-99AD2D8CEC36}"
EndProject
Global
	GlobalSection(SolutionConfigurationPlatforms) = preSolution
		Debug|Any CPU = Debug|Any CPU
		Release|Any CPU = Release|Any CPU
	EndGlobalSection
	GlobalSection(ProjectConfigurationPlatforms) = postSolution
		{70980A1F-4882-436F-83D6-99AD2D8CEC36}.Debug|Any CPU.ActiveCfg = Debug|Any CPU
		{70980A1F-4882-436F-83D6-99AD2D8CEC36}.Debug|Any CPU.Build.0 = Debug|Any CPU
		{70980A1F-4882-436F-83D6-99AD2D8CEC36}.Release|Any CPU.ActiveCfg = Release|Any CPU
		{70980A1F-4882-436F-83D6-99AD2D8CEC36}.Release|Any CPU.Build.0 = Release|Any CPU
	EndGlobalSection
	GlobalSection(SolutionProperties) = preSolution
		HideSolutionNode = FALSE
	EndGlobalSection
	GlobalSection(ExtensibilityGlobals) = postSolution
		SolutionGuid = {D50B0D01-9DFE-4E99-AF88-EAA06B06C4EA}
	EndGlobalSection
EndGlobal
